
Microsoft Visual Studio Solution File, Format Version 12.00
# Visual Studio Version 16
VisualStudioVersion = 16.0.31911.196
MinimumVisualStudioVersion = 10.0.40219.1
Project("{FAE04EC0-301F-11D3-BF4B-00C04F79EFBC}") = "Zadanie2WPF", "Zadanie2WPF\Zadanie2WPF.csproj", "{1FA59F40-B261-4074-8F9F-1CE4FA55C6C3}"
EndProject
Global
	GlobalSection(SolutionConfigurationPlatforms) = preSolution
		Debug|Any CPU = Debug|Any CPU
		Release|Any CPU = Release|Any CPU
	EndGlobalSection
	GlobalSection(ProjectConfigurationPlatforms) = postSolution
		{1FA59F40-B261-4074-8F9F-1CE4FA55C6C3}.Debug|Any CPU.ActiveCfg = Debug|Any CPU
		{1FA59F40-B261-4074-8F9F-1CE4FA55C6C3}.Debug|Any CPU.Build.0 = Debug|Any CPU
		{1FA59F40-B261-4074-8F9F-1CE4FA55C6C3}.Release|Any CPU.ActiveCfg = Release|Any CPU
		{1FA59F40-B261-4074-8F9F-1CE4FA55C6C3}.Release|Any CPU.Build.0 = Release|Any CPU
	EndGlobalSection
	GlobalSection(SolutionProperties) = preSolution
		HideSolutionNode = FALSE
	EndGlobalSection
	GlobalSection(ExtensibilityGlobals) = postSolution
		SolutionGuid = {C44666CA-3303-4483-A3CB-6A09C4C6CC83}
	EndGlobalSection
EndGlobal
